
Microsoft Visual Studio Solution File, Format Version 12.00
# Visual Studio 2013
VisualStudioVersion = 12.0.31101.0
MinimumVisualStudioVersion = 10.0.40219.1
Project("{FAE04EC0-301F-11D3-BF4B-00C04F79EFBC}") = "CNC_Controller", "CNC_Controller.csproj", "{5B5110D6-2B5B-4257-AFAF-834B46E83FBA}"
EndProject
Global
	GlobalSection(SolutionConfigurationPlatforms) = preSolution
		Debug|Any CPU = Debug|Any CPU
		Release|Any CPU = Release|Any CPU
	EndGlobalSection
	GlobalSection(ProjectConfigurationPlatforms) = postSolution
		{5B5110D6-2B5B-4257-AFAF-834B46E83FBA}.Debug|Any CPU.ActiveCfg = Debug|Any CPU
		{5B5110D6-2B5B-4257-AFAF-834B46E83FBA}.Debug|Any CPU.Build.0 = Debug|Any CPU
		{5B5110D6-2B5B-4257-AFAF-834B46E83FBA}.Release|Any CPU.ActiveCfg = Release|Any CPU
		{5B5110D6-2B5B-4257-AFAF-834B46E83FBA}.Release|Any CPU.Build.0 = Release|Any CPU
	EndGlobalSection
	GlobalSection(SolutionProperties) = preSolution
		HideSolutionNode = FALSE
	EndGlobalSection
	GlobalSection(ExtensibilityGlobals) = postSolution
		RESX_NeutralResourcesLanguage = ru-RU
	EndGlobalSection
EndGlobal
